
Microsoft Visual Studio Solution File, Format Version 12.00
# Visual Studio Version 16
VisualStudioVersion = 16.0.30413.136
MinimumVisualStudioVersion = 10.0.40219.1
Project("{FAE04EC0-301F-11D3-BF4B-00C04F79EFBC}") = "ExploreTibet", "ExploreTibet\ExploreTibet.csproj", "{262C8C4F-4334-46E8-91E3-E102AF24B68F}"
EndProject
Global
	GlobalSection(SolutionConfigurationPlatforms) = preSolution
		Debug|Any CPU = Debug|Any CPU
		Release|Any CPU = Release|Any CPU
	EndGlobalSection
	GlobalSection(ProjectConfigurationPlatforms) = postSolution
		{262C8C4F-4334-46E8-91E3-E102AF24B68F}.Debug|Any CPU.ActiveCfg = Debug|Any CPU
		{262C8C4F-4334-46E8-91E3-E102AF24B68F}.Debug|Any CPU.Build.0 = Debug|Any CPU
		{262C8C4F-4334-46E8-91E3-E102AF24B68F}.Release|Any CPU.ActiveCfg = Release|Any CPU
		{262C8C4F-4334-46E8-91E3-E102AF24B68F}.Release|Any CPU.Build.0 = Release|Any CPU
	EndGlobalSection
	GlobalSection(SolutionProperties) = preSolution
		HideSolutionNode = FALSE
	EndGlobalSection
	GlobalSection(ExtensibilityGlobals) = postSolution
		SolutionGuid = {6E32507B-47C5-4B23-9053-84D798015170}
	EndGlobalSection
EndGlobal
